
Microsoft Visual Studio Solution File, Format Version 12.00
# Visual Studio Version 17
VisualStudioVersion = 17.3.32922.545
MinimumVisualStudioVersion = 10.0.40219.1
Project("{9A19103F-16F7-4668-BE54-9A1E7A4F7556}") = "W01", "W01\W01.csproj", "{ABD581BC-35A7-44AB-AD69-0A7B1077AAC6}"
EndProject
Project("{FAE04EC0-301F-11D3-BF4B-00C04F79EFBC}") = "w02", "w02\w02.csproj", "{0DC7F99A-6A7A-4621-A4FD-8869E27165D3}"
EndProject
Global
	GlobalSection(SolutionConfigurationPlatforms) = preSolution
		Debug|Any CPU = Debug|Any CPU
		Release|Any CPU = Release|Any CPU
	EndGlobalSection
	GlobalSection(ProjectConfigurationPlatforms) = postSolution
		{ABD581BC-35A7-44AB-AD69-0A7B1077AAC6}.Debug|Any CPU.ActiveCfg = Debug|Any CPU
		{ABD581BC-35A7-44AB-AD69-0A7B1077AAC6}.Debug|Any CPU.Build.0 = Debug|Any CPU
		{ABD581BC-35A7-44AB-AD69-0A7B1077AAC6}.Release|Any CPU.ActiveCfg = Release|Any CPU
		{ABD581BC-35A7-44AB-AD69-0A7B1077AAC6}.Release|Any CPU.Build.0 = Release|Any CPU
		{0DC7F99A-6A7A-4621-A4FD-8869E27165D3}.Debug|Any CPU.ActiveCfg = Debug|Any CPU
		{0DC7F99A-6A7A-4621-A4FD-8869E27165D3}.Debug|Any CPU.Build.0 = Debug|Any CPU
		{0DC7F99A-6A7A-4621-A4FD-8869E27165D3}.Release|Any CPU.ActiveCfg = Release|Any CPU
		{0DC7F99A-6A7A-4621-A4FD-8869E27165D3}.Release|Any CPU.Build.0 = Release|Any CPU
	EndGlobalSection
	GlobalSection(SolutionProperties) = preSolution
		HideSolutionNode = FALSE
	EndGlobalSection
	GlobalSection(ExtensibilityGlobals) = postSolution
		SolutionGuid = {7569629F-A63F-4F50-8823-EF67165F2577}
	EndGlobalSection
EndGlobal
